<?xml version="1.0" encoding="utf-8"?>
<Project ToolsVersion="4.0" xmlns="http://schemas.microsoft.com/developer/msbuild/2003">
  <ItemGroup>
    <Filter Include="源文件">
      <UniqueIdentifier>{4FC737F1-C7A5-4376-A066-2A32D752A2FF}</UniqueIdentifier>
      <Extensions>cpp;c;cc;cxx;def;odl;idl;hpj;bat;asm;asmx</Extensions>
    </Filter>
    <Filter Include="源文件\lua">
      <UniqueIdentifier>{8fc4cf7c-9373-4278-a7b5-a98dec6f36a3}</UniqueIdentifier>
    </Filter>
    <Filter Include="头文件">
      <UniqueIdentifier>{93995380-89BD-4b04-88EB-625FBE52EBFB}</UniqueIdentifier>
      <Extensions>h;hpp;hxx;hm;inl;inc;xsd</Extensions>
    </Filter>
    <Filter Include="资源文件">
      <UniqueIdentifier>{67DA6AB6-F800-4c08-8B7A-83BB121AAD01}</UniqueIdentifier>
      <Extensions>rc;ico;cur;bmp;dlg;rc2;rct;bin;rgs;gif;jpg;jpeg;jpe;resx;tiff;tif;png;wav</Extensions>
    </Filter>
    <Filter Include="lua scripts">
      <UniqueIdentifier>{e06becde-cdb4-4111-9c50-560f11b90c44}</UniqueIdentifier>
    </Filter>
  </ItemGroup>
  <ItemGroup>
    <ClCompile Include="Aura.cpp">
      <Filter>源文件</Filter>
    </ClCompile>
    <ClCompile Include="Creature.cpp">
      <Filter>源文件</Filter>
    </ClCompile>
    <ClCompile Include="DPSCalc.cpp">
      <Filter>源文件</Filter>
    </ClCompile>
    <ClCompile Include="EventSystem.cpp">
      <Filter>源文件</Filter>
    </ClCompile>
    <ClCompile Include="LuaIntergration.cpp">
      <Filter>源文件</Filter>
    </ClCompile>
    <ClCompile Include="Player.cpp">
      <Filter>源文件</Filter>
    </ClCompile>
    <ClCompile Include="Spell.cpp">
      <Filter>源文件</Filter>
    </ClCompile>
    <ClCompile Include="stdafx.cpp">
      <Filter>源文件</Filter>
    </ClCompile>
    <ClCompile Include="lua\lapi.c">
      <Filter>源文件\lua</Filter>
    </ClCompile>
    <ClCompile Include="lua\lauxlib.c">
      <Filter>源文件\lua</Filter>
    </ClCompile>
    <ClCompile Include="lua\lbaselib.c">
      <Filter>源文件\lua</Filter>
    </ClCompile>
    <ClCompile Include="lua\lcode.c">
      <Filter>源文件\lua</Filter>
    </ClCompile>
    <ClCompile Include="lua\ldblib.c">
      <Filter>源文件\lua</Filter>
    </ClCompile>
    <ClCompile Include="lua\ldebug.c">
      <Filter>源文件\lua</Filter>
    </ClCompile>
    <ClCompile Include="lua\ldo.c">
      <Filter>源文件\lua</Filter>
    </ClCompile>
    <ClCompile Include="lua\ldump.c">
      <Filter>源文件\lua</Filter>
    </ClCompile>
    <ClCompile Include="lua\lfunc.c">
      <Filter>源文件\lua</Filter>
    </ClCompile>
    <ClCompile Include="lua\lgc.c">
      <Filter>源文件\lua</Filter>
    </ClCompile>
    <ClCompile Include="lua\linit.c">
      <Filter>源文件\lua</Filter>
    </ClCompile>
    <ClCompile Include="lua\liolib.c">
      <Filter>源文件\lua</Filter>
    </ClCompile>
    <ClCompile Include="lua\llex.c">
      <Filter>源文件\lua</Filter>
    </ClCompile>
    <ClCompile Include="lua\lmathlib.c">
      <Filter>源文件\lua</Filter>
    </ClCompile>
    <ClCompile Include="lua\lmem.c">
      <Filter>源文件\lua</Filter>
    </ClCompile>
    <ClCompile Include="lua\loadlib.c">
      <Filter>源文件\lua</Filter>
    </ClCompile>
    <ClCompile Include="lua\lobject.c">
      <Filter>源文件\lua</Filter>
    </ClCompile>
    <ClCompile Include="lua\lopcodes.c">
      <Filter>源文件\lua</Filter>
    </ClCompile>
    <ClCompile Include="lua\loslib.c">
      <Filter>源文件\lua</Filter>
    </ClCompile>
    <ClCompile Include="lua\lparser.c">
      <Filter>源文件\lua</Filter>
    </ClCompile>
    <ClCompile Include="lua\lstate.c">
      <Filter>源文件\lua</Filter>
    </ClCompile>
    <ClCompile Include="lua\lstring.c">
      <Filter>源文件\lua</Filter>
    </ClCompile>
    <ClCompile Include="lua\lstrlib.c">
      <Filter>源文件\lua</Filter>
    </ClCompile>
    <ClCompile Include="lua\ltable.c">
      <Filter>源文件\lua</Filter>
    </ClCompile>
    <ClCompile Include="lua\ltablib.c">
      <Filter>源文件\lua</Filter>
    </ClCompile>
    <ClCompile Include="lua\ltm.c">
      <Filter>源文件\lua</Filter>
    </ClCompile>
    <ClCompile Include="lua\lundump.c">
      <Filter>源文件\lua</Filter>
    </ClCompile>
    <ClCompile Include="lua\lvm.c">
      <Filter>源文件\lua</Filter>
    </ClCompile>
    <ClCompile Include="lua\lzio.c">
      <Filter>源文件\lua</Filter>
    </ClCompile>
    <ClCompile Include="lua\print.c">
      <Filter>源文件\lua</Filter>
    </ClCompile>
    <ClCompile Include="TestSystem.cpp">
      <Filter>源文件</Filter>
    </ClCompile>
    <ClCompile Include="Reporter.cpp">
      <Filter>源文件</Filter>
    </ClCompile>
  </ItemGroup>
  <ItemGroup>
    <ClInclude Include="Aura.h">
      <Filter>头文件</Filter>
    </ClInclude>
    <ClInclude Include="Creature.h">
      <Filter>头文件</Filter>
    </ClInclude>
    <ClInclude Include="EventSystem.h">
      <Filter>头文件</Filter>
    </ClInclude>
    <ClInclude Include="Global.h">
      <Filter>头文件</Filter>
    </ClInclude>
    <ClInclude Include="LuaIntergration.h">
      <Filter>头文件</Filter>
    </ClInclude>
    <ClInclude Include="Player.h">
      <Filter>头文件</Filter>
    </ClInclude>
    <ClInclude Include="Spell.h">
      <Filter>头文件</Filter>
    </ClInclude>
    <ClInclude Include="stdafx.h">
      <Filter>头文件</Filter>
    </ClInclude>
    <ClInclude Include="targetver.h">
      <Filter>头文件</Filter>
    </ClInclude>
    <ClInclude Include="TestSystem.h">
      <Filter>头文件</Filter>
    </ClInclude>
    <ClInclude Include="Reporter.h">
      <Filter>头文件</Filter>
    </ClInclude>
  </ItemGroup>
  <ItemGroup>
    <None Include="ReadMe.txt" />
    <None Include="lua\main.lua">
      <Filter>lua scripts</Filter>
    </None>
    <None Include="lua\Priest\Spell.lua">
      <Filter>lua scripts</Filter>
    </None>
    <None Include="lua\Priest\Talent.lua">
      <Filter>lua scripts</Filter>
    </None>
    <None Include="lua\Priest\Aura.lua">
      <Filter>lua scripts</Filter>
    </None>
    <None Include="lua\Common\Constants.lua">
      <Filter>lua scripts</Filter>
    </None>
    <None Include="lua\main1.lua">
      <Filter>lua scripts</Filter>
    </None>
    <None Include="def.def">
      <Filter>源文件</Filter>
    </None>
  </ItemGroup>
  <ItemGroup>
    <Library Include="lua51.lib">
      <Filter>资源文件</Filter>
    </Library>
    <Library Include="lua51_64.lib">
      <Filter>资源文件</Filter>
    </Library>
  </ItemGroup>
</Project>